Microsoft Visual Studio Solution File, Format Version 12.00
# Visual Studio 15
VisualStudioVersion = 15.0.26730.15
MinimumVisualStudioVersion = 10.0.40219.1
Project("{2150E333-8FDC-42A3-9474-1A3956D46DE8}") = "Creational", "Creational", "{D54E4C11-92D5-4B35-AD36-E5E7E6045588}"
EndProject
Project("{9A19103F-16F7-4668-BE54-9A1E7A4F7556}") = "BuilderPattern", "src\BuilderPattern\BuilderPattern.csproj", "{08E7570B-42A6-48EF-B581-A8B4E0F90BCE}"
EndProject
Project("{2150E333-8FDC-42A3-9474-1A3956D46DE8}") = "Structural", "Structural", "{9C555F9E-C12D-4E64-A170-BE7D1BC74017}"
EndProject
Project("{2150E333-8FDC-42A3-9474-1A3956D46DE8}") = "Behavioral", "Behavioral", "{4B157FFD-B85F-4627-8EB0-E403330E7696}"
EndProject
Project("{9A19103F-16F7-4668-BE54-9A1E7A4F7556}") = "FactoryMethodPattern", "src\FactoryMethodPattern\FactoryMethodPattern.csproj", "{CB7C33D8-C26B-4182-8EEC-2E0B13B5D692}"
EndProject
Project("{9A19103F-16F7-4668-BE54-9A1E7A4F7556}") = "AbstractFactoryPattern", "src\AbstractFactoryPattern\AbstractFactoryPattern.csproj", "{E254FB01-3827-4FF2-A54C-41E6B142B0F4}"
EndProject
Project("{9A19103F-16F7-4668-BE54-9A1E7A4F7556}") = "PrototypePattern", "src\PrototypePattern\PrototypePattern.csproj", "{CCFC6767-58FE-46FD-B2D4-F10707DC9D91}"
EndProject
Project("{9A19103F-16F7-4668-BE54-9A1E7A4F7556}") = "SingletonPattern", "src\SingletonPattern\SingletonPattern.csproj", "{42EDAB1C-1B23-4057-BEE7-D280C0EE880B}"
EndProject
Project("{2150E333-8FDC-42A3-9474-1A3956D46DE8}") = "Solution Items", "Solution Items", "{6B33C8CA-B362-4DD4-B570-39E1B8D2AB15}"
	ProjectSection(SolutionItems) = preProject
		appveyor.yml = appveyor.yml
		Build.ps1 = Build.ps1
		README.md = README.md
		Settings.StyleCop = Settings.StyleCop
	EndProjectSection
EndProject
Project("{9A19103F-16F7-4668-BE54-9A1E7A4F7556}") = "MediatorPattern", "src\MediatorPattern\MediatorPattern.csproj", "{7B6C35F3-8D82-4251-8D0B-418F359ACD69}"
EndProject
Project("{9A19103F-16F7-4668-BE54-9A1E7A4F7556}") = "VisitorPattern", "src\VisitorPattern\VisitorPattern.csproj", "{9E0BE05A-EFC8-4BC8-AA5D-847514A7698C}"
EndProject
Project("{9A19103F-16F7-4668-BE54-9A1E7A4F7556}") = "ObserverPattern", "src\ObserverPattern\ObserverPattern.csproj", "{CF07133A-644E-43D1-9F0B-2658AF028EBA}"
EndProject
Project("{9A19103F-16F7-4668-BE54-9A1E7A4F7556}") = "ChainOfReponsibilityPattern", "src\ChainOfReponsibilityPattern\ChainOfReponsibilityPattern.csproj", "{6CD853E1-8058-47CB-BD7C-07F5140F0D74}"
EndProject
Project("{FAE04EC0-301F-11D3-BF4B-00C04F79EFBC}") = "StrategyPattern", "src\StrategyPattern\StrategyPattern.csproj", "{46D321BC-CB3A-474E-B653-F37439A4B137}"
EndProject
Global
	GlobalSection(SolutionConfigurationPlatforms) = preSolution
		Debug|Any CPU = Debug|Any CPU
		Release|Any CPU = Release|Any CPU
	EndGlobalSection
	GlobalSection(ProjectConfigurationPlatforms) = postSolution
		{08E7570B-42A6-48EF-B581-A8B4E0F90BCE}.Debug|Any CPU.ActiveCfg = Debug|Any CPU
		{08E7570B-42A6-48EF-B581-A8B4E0F90BCE}.Debug|Any CPU.Build.0 = Debug|Any CPU
		{08E7570B-42A6-48EF-B581-A8B4E0F90BCE}.Release|Any CPU.ActiveCfg = Release|Any CPU
		{08E7570B-42A6-48EF-B581-A8B4E0F90BCE}.Release|Any CPU.Build.0 = Release|Any CPU
		{CB7C33D8-C26B-4182-8EEC-2E0B13B5D692}.Debug|Any CPU.ActiveCfg = Debug|Any CPU
		{CB7C33D8-C26B-4182-8EEC-2E0B13B5D692}.Debug|Any CPU.Build.0 = Debug|Any CPU
		{CB7C33D8-C26B-4182-8EEC-2E0B13B5D692}.Release|Any CPU.ActiveCfg = Release|Any CPU
		{CB7C33D8-C26B-4182-8EEC-2E0B13B5D692}.Release|Any CPU.Build.0 = Release|Any CPU
		{E254FB01-3827-4FF2-A54C-41E6B142B0F4}.Debug|Any CPU.ActiveCfg = Debug|Any CPU
		{E254FB01-3827-4FF2-A54C-41E6B142B0F4}.Debug|Any CPU.Build.0 = Debug|Any CPU
		{E254FB01-3827-4FF2-A54C-41E6B142B0F4}.Release|Any CPU.ActiveCfg = Release|Any CPU
		{E254FB01-3827-4FF2-A54C-41E6B142B0F4}.Release|Any CPU.Build.0 = Release|Any CPU
		{CCFC6767-58FE-46FD-B2D4-F10707DC9D91}.Debug|Any CPU.ActiveCfg = Debug|Any CPU
		{CCFC6767-58FE-46FD-B2D4-F10707DC9D91}.Debug|Any CPU.Build.0 = Debug|Any CPU
		{CCFC6767-58FE-46FD-B2D4-F10707DC9D91}.Release|Any CPU.ActiveCfg = Release|Any CPU
		{CCFC6767-58FE-46FD-B2D4-F10707DC9D91}.Release|Any CPU.Build.0 = Release|Any CPU
		{42EDAB1C-1B23-4057-BEE7-D280C0EE880B}.Debug|Any CPU.ActiveCfg = Debug|Any CPU
		{42EDAB1C-1B23-4057-BEE7-D280C0EE880B}.Debug|Any CPU.Build.0 = Debug|Any CPU
		{42EDAB1C-1B23-4057-BEE7-D280C0EE880B}.Release|Any CPU.ActiveCfg = Release|Any CPU
		{42EDAB1C-1B23-4057-BEE7-D280C0EE880B}.Release|Any CPU.Build.0 = Release|Any CPU
		{7B6C35F3-8D82-4251-8D0B-418F359ACD69}.Debug|Any CPU.ActiveCfg = Debug|Any CPU
		{7B6C35F3-8D82-4251-8D0B-418F359ACD69}.Debug|Any CPU.Build.0 = Debug|Any CPU
		{7B6C35F3-8D82-4251-8D0B-418F359ACD69}.Release|Any CPU.ActiveCfg = Release|Any CPU
		{7B6C35F3-8D82-4251-8D0B-418F359ACD69}.Release|Any CPU.Build.0 = Release|Any CPU
		{9E0BE05A-EFC8-4BC8-AA5D-847514A7698C}.Debug|Any CPU.ActiveCfg = Debug|Any CPU
		{9E0BE05A-EFC8-4BC8-AA5D-847514A7698C}.Debug|Any CPU.Build.0 = Debug|Any CPU
		{9E0BE05A-EFC8-4BC8-AA5D-847514A7698C}.Release|Any CPU.ActiveCfg = Release|Any CPU
		{9E0BE05A-EFC8-4BC8-AA5D-847514A7698C}.Release|Any CPU.Build.0 = Release|Any CPU
		{CF07133A-644E-43D1-9F0B-2658AF028EBA}.Debug|Any CPU.ActiveCfg = Debug|Any CPU
		{CF07133A-644E-43D1-9F0B-2658AF028EBA}.Debug|Any CPU.Build.0 = Debug|Any CPU
		{CF07133A-644E-43D1-9F0B-2658AF028EBA}.Release|Any CPU.ActiveCfg = Release|Any CPU
		{CF07133A-644E-43D1-9F0B-2658AF028EBA}.Release|Any CPU.Build.0 = Release|Any CPU
		{6CD853E1-8058-47CB-BD7C-07F5140F0D74}.Debug|Any CPU.ActiveCfg = Debug|Any CPU
		{6CD853E1-8058-47CB-BD7C-07F5140F0D74}.Debug|Any CPU.Build.0 = Debug|Any CPU
		{6CD853E1-8058-47CB-BD7C-07F5140F0D74}.Release|Any CPU.ActiveCfg = Release|Any CPU
		{6CD853E1-8058-47CB-BD7C-07F5140F0D74}.Release|Any CPU.Build.0 = Release|Any CPU
		{46D321BC-CB3A-474E-B653-F37439A4B137}.Debug|Any CPU.ActiveCfg = Debug|Any CPU
		{46D321BC-CB3A-474E-B653-F37439A4B137}.Debug|Any CPU.Build.0 = Debug|Any CPU
		{46D321BC-CB3A-474E-B653-F37439A4B137}.Release|Any CPU.ActiveCfg = Release|Any CPU
		{46D321BC-CB3A-474E-B653-F37439A4B137}.Release|Any CPU.Build.0 = Release|Any CPU
	EndGlobalSection
	GlobalSection(SolutionProperties) = preSolution
		HideSolutionNode = FALSE
	EndGlobalSection
	GlobalSection(NestedProjects) = preSolution
		{08E7570B-42A6-48EF-B581-A8B4E0F90BCE} = {D54E4C11-92D5-4B35-AD36-E5E7E6045588}
		{CB7C33D8-C26B-4182-8EEC-2E0B13B5D692} = {D54E4C11-92D5-4B35-AD36-E5E7E6045588}
		{E254FB01-3827-4FF2-A54C-41E6B142B0F4} = {D54E4C11-92D5-4B35-AD36-E5E7E6045588}
		{CCFC6767-58FE-46FD-B2D4-F10707DC9D91} = {D54E4C11-92D5-4B35-AD36-E5E7E6045588}
		{42EDAB1C-1B23-4057-BEE7-D280C0EE880B} = {D54E4C11-92D5-4B35-AD36-E5E7E6045588}
		{7B6C35F3-8D82-4251-8D0B-418F359ACD69} = {4B157FFD-B85F-4627-8EB0-E403330E7696}
		{9E0BE05A-EFC8-4BC8-AA5D-847514A7698C} = {4B157FFD-B85F-4627-8EB0-E403330E7696}
		{CF07133A-644E-43D1-9F0B-2658AF028EBA} = {4B157FFD-B85F-4627-8EB0-E403330E7696}
		{6CD853E1-8058-47CB-BD7C-07F5140F0D74} = {4B157FFD-B85F-4627-8EB0-E403330E7696}
		{46D321BC-CB3A-474E-B653-F37439A4B137} = {4B157FFD-B85F-4627-8EB0-E403330E7696}
	EndGlobalSection
	GlobalSection(ExtensibilityGlobals) = postSolution
		SolutionGuid = {2F76BEA8-697A-427D-8C40-96572FDC3AD9}
	EndGlobalSection
EndGlobal
